// !$*UTF8*$!
{
	archiveVersion = 1;
	classes = {
	};
	objectVersion = 77;
	objects = {

/* Begin PBXBuildFile section */
		02BC25BD2F6F46550078681A /* PrivacyInfo.xcprivacy in Resources */ = {isa = PBXBuildFile; fileRef = 02BC25BC2F6F46550078681A /* PrivacyInfo.xcprivacy */; };
/* End PBXBuildFile section */

/* Begin PBXContainerItemProxy section */
		028786F52F97BEF30073DD60 /* PBXContainerItemProxy */ = {
			isa = PBXContainerItemProxy;
			containerPortal = 029E29282F6C1E79000EAE13 /* Project object */;
			proxyType = 1;
			remoteGlobalIDString = 029E292F2F6C1E79000EAE13;
			remoteInfo = FortiFit;
		};
		029E29402F6C1E7A000EAE13 /* PBXContainerItemProxy */ = {
			isa = PBXContainerItemProxy;
			containerPortal = 029E29282F6C1E79000EAE13 /* Project object */;
			proxyType = 1;
			remoteGlobalIDString = 029E292F2F6C1E79000EAE13;
			remoteInfo = FortiFit;
		};
		029E294A2F6C1E7A000EAE13 /* PBXContainerItemProxy */ = {
			isa = PBXContainerItemProxy;
			containerPortal = 029E29282F6C1E79000EAE13 /* Project object */;
			proxyType = 1;
			remoteGlobalIDString = 029E292F2F6C1E79000EAE13;
			remoteInfo = FortiFit;
		};
/* End PBXContainerItemProxy section */

/* Begin PBXFileReference section */
		028786F12F97BEF30073DD60 /* FortiFitIntegrationTests.xctest */ = {isa = PBXFileReference; explicitFileType = wrapper.cfbundle; includeInIndex = 0; path = FortiFitIntegrationTests.xctest; sourceTree = BUILT_PRODUCTS_DIR; };
		029E29302F6C1E79000EAE13 /* FortiFit.app */ = {isa = PBXFileReference; explicitFileType = wrapper.application; includeInIndex = 0; path = FortiFit.app; sourceTree = BUILT_PRODUCTS_DIR; };
		029E293F2F6C1E7A000EAE13 /* FortiFitTests.xctest */ = {isa = PBXFileReference; explicitFileType = wrapper.cfbundle; includeInIndex = 0; path = FortiFitTests.xctest; sourceTree = BUILT_PRODUCTS_DIR; };
		029E29492F6C1E7A000EAE13 /* FortiFitUITests.xctest */ = {isa = PBXFileReference; explicitFileType = wrapper.cfbundle; includeInIndex = 0; path = FortiFitUITests.xctest; sourceTree = BUILT_PRODUCTS_DIR; };
		02BC25BC2F6F46550078681A /* PrivacyInfo.xcprivacy */ = {isa = PBXFileReference; lastKnownFileType = text.xml; path = PrivacyInfo.xcprivacy; sourceTree = "<group>"; };
/* End PBXFileReference section */

/* Begin PBXFileSystemSynchronizedBuildFileExceptionSet section */
		02A6188A2F86EB2D00CB6D48 /* Exceptions for "FortiFit" folder in "FortiFit" target */ = {
			isa = PBXFileSystemSynchronizedBuildFileExceptionSet;
			membershipExceptions = (
				Info.plist,
			);
			target = 029E292F2F6C1E79000EAE13 /* FortiFit */;
		};
/* End PBXFileSystemSynchronizedBuildFileExceptionSet section */

/* Begin PBXFileSystemSynchronizedRootGroup section */
		028786F22F97BEF30073DD60 /* FortiFitIntegrationTests */ = {
			isa = PBXFileSystemSynchronizedRootGroup;
			path = FortiFitIntegrationTests;
			sourceTree = "<group>";
		};
		029E29322F6C1E79000EAE13 /* FortiFit */ = {
			isa = PBXFileSystemSynchronizedRootGroup;
			exceptions = (
				02A6188A2F86EB2D00CB6D48 /* Exceptions for "FortiFit" folder in "FortiFit" target */,
			);
			path = FortiFit;
			sourceTree = "<group>";
		};
		029E29422F6C1E7A000EAE13 /* FortiFitTests */ = {
			isa = PBXFileSystemSynchronizedRootGroup;
			path = FortiFitTests;
			sourceTree = "<group>";
		};
		029E294C2F6C1E7A000EAE13 /* FortiFitUITests */ = {
			isa = PBXFileSystemSynchronizedRootGroup;
			path = FortiFitUITests;
			sourceTree = "<group>";
		};
/* End PBXFileSystemSynchronizedRootGroup section */

/* Begin PBXFrameworksBuildPhase section */
		028786EE2F97BEF30073DD60 /* Frameworks */ = {
			isa = PBXFrameworksBuildPhase;
			buildActionMask = 2147483647;
			files = (
			);
			runOnlyForDeploymentPostprocessing = 0;
		};
		029E292D2F6C1E79000EAE13 /* Frameworks */ = {
			isa = PBXFrameworksBuildPhase;
			buildActionMask = 2147483647;
			files = (
			);
			runOnlyForDeploymentPostprocessing = 0;
		};
		029E293C2F6C1E7A000EAE13 /* Frameworks */ = {
			isa = PBXFrameworksBuildPhase;
			buildActionMask = 2147483647;
			files = (
			);
			runOnlyForDeploymentPostprocessing = 0;
		};
		029E29462F6C1E7A000EAE13 /* Frameworks */ = {
			isa = PBXFrameworksBuildPhase;
			buildActionMask = 2147483647;
			files = (
			);
			runOnlyForDeploymentPostprocessing = 0;
		};
/* End PBXFrameworksBuildPhase section */

/* Begin PBXGroup section */
		029E29272F6C1E79000EAE13 = {
			isa = PBXGroup;
			children = (
				02BC25BC2F6F46550078681A /* PrivacyInfo.xcprivacy */,
				029E29322F6C1E79000EAE13 /* FortiFit */,
				029E29422F6C1E7A000EAE13 /* FortiFitTests */,
				029E294C2F6C1E7A000EAE13 /* FortiFitUITests */,
				028786F22F97BEF30073DD60 /* FortiFitIntegrationTests */,
				029E29312F6C1E79000EAE13 /* Products */,
			);
			sourceTree = "<group>";
		};
		029E29312F6C1E79000EAE13 /* Products */ = {
			isa = PBXGroup;
			children = (
				029E29302F6C1E79000EAE13 /* FortiFit.app */,
				029E293F2F6C1E7A000EAE13 /* FortiFitTests.xctest */,
				029E29492F6C1E7A000EAE13 /* FortiFitUITests.xctest */,
				028786F12F97BEF30073DD60 /* FortiFitIntegrationTests.xctest */,
			);
			name = Products;
			sourceTree = "<group>";
		};
/* End PBXGroup section */

/* Begin PBXNativeTarget section */
		028786F02F97BEF30073DD60 /* FortiFitIntegrationTests */ = {
			isa = PBXNativeTarget;
			buildConfigurationList = 028786F72F97BEF30073DD60 /* Build configuration list for PBXNativeTarget "FortiFitIntegrationTests" */;
			buildPhases = (
				028786ED2F97BEF30073DD60 /* Sources */,
				028786EE2F97BEF30073DD60 /* Frameworks */,
				028786EF2F97BEF30073DD60 /* Resources */,
			);
			buildRules = (
			);
			dependencies = (
				028786F62F97BEF30073DD60 /* PBXTargetDependency */,
			);
			fileSystemSynchronizedGroups = (
				028786F22F97BEF30073DD60 /* FortiFitIntegrationTests */,
			);
			name = FortiFitIntegrationTests;
			packageProductDependencies = (
			);
			productName = FortiFitIntegrationTests;
			productReference = 028786F12F97BEF30073DD60 /* FortiFitIntegrationTests.xctest */;
			productType = "com.apple.product-type.bundle.unit-test";
		};
		029E292F2F6C1E79000EAE13 /* FortiFit */ = {
			isa = PBXNativeTarget;
			buildConfigurationList = 029E29532F6C1E7A000EAE13 /* Build configuration list for PBXNativeTarget "FortiFit" */;
			buildPhases = (
				029E292C2F6C1E79000EAE13 /* Sources */,
				029E292D2F6C1E79000EAE13 /* Frameworks */,
				029E292E2F6C1E79000EAE13 /* Resources */,
			);
			buildRules = (
			);
			dependencies = (
			);
			fileSystemSynchronizedGroups = (
				029E29322F6C1E79000EAE13 /* FortiFit */,
			);
			name = FortiFit;
			packageProductDependencies = (
			);
			productName = FortiFit;
			productReference = 029E29302F6C1E79000EAE13 /* FortiFit.app */;
			productType = "com.apple.product-type.application";
		};
		029E293E2F6C1E7A000EAE13 /* FortiFitTests */ = {
			isa = PBXNativeTarget;
			buildConfigurationList = 029E29562F6C1E7A000EAE13 /* Build configuration list for PBXNativeTarget "FortiFitTests" */;
			buildPhases = (
				029E293B2F6C1E7A000EAE13 /* Sources */,
				029E293C2F6C1E7A000EAE13 /* Frameworks */,
				029E293D2F6C1E7A000EAE13 /* Resources */,
			);
			buildRules = (
			);
			dependencies = (
				029E29412F6C1E7A000EAE13 /* PBXTargetDependency */,
			);
			fileSystemSynchronizedGroups = (
				029E29422F6C1E7A000EAE13 /* FortiFitTests */,
			);
			name = FortiFitTests;
			packageProductDependencies = (
			);
			productName = FortiFitTests;
			productReference = 029E293F2F6C1E7A000EAE13 /* FortiFitTests.xctest */;
			productType = "com.apple.product-type.bundle.unit-test";
		};
		029E29482F6C1E7A000EAE13 /* FortiFitUITests */ = {
			isa = PBXNativeTarget;
			buildConfigurationList = 029E29592F6C1E7A000EAE13 /* Build configuration list for PBXNativeTarget "FortiFitUITests" */;
			buildPhases = (
				029E29452F6C1E7A000EAE13 /* Sources */,
				029E29462F6C1E7A000EAE13 /* Frameworks */,
				029E29472F6C1E7A000EAE13 /* Resources */,
			);
			buildRules = (
			);
			dependencies = (
				029E294B2F6C1E7A000EAE13 /* PBXTargetDependency */,
			);
			fileSystemSynchronizedGroups = (
				029E294C2F6C1E7A000EAE13 /* FortiFitUITests */,
			);
			name = FortiFitUITests;
			packageProductDependencies = (
			);
			productName = FortiFitUITests;
			productReference = 029E29492F6C1E7A000EAE13 /* FortiFitUITests.xctest */;
			productType = "com.apple.product-type.bundle.ui-testing";
		};
/* End PBXNativeTarget section */

/* Begin PBXProject section */
		029E29282F6C1E79000EAE13 /* Project object */ = {
			isa = PBXProject;
			attributes = {
				BuildIndependentTargetsInParallel = 1;
				LastSwiftUpdateCheck = 2640;
				LastUpgradeCheck = 2630;
				TargetAttributes = {
					028786F02F97BEF30073DD60 = {
						CreatedOnToolsVersion = 26.4.1;
						TestTargetID = 029E292F2F6C1E79000EAE13;
					};
					029E292F2F6C1E79000EAE13 = {
						CreatedOnToolsVersion = 26.3;
					};
					029E293E2F6C1E7A000EAE13 = {
						CreatedOnToolsVersion = 26.3;
						TestTargetID = 029E292F2F6C1E79000EAE13;
					};
					029E29482F6C1E7A000EAE13 = {
						CreatedOnToolsVersion = 26.3;
						TestTargetID = 029E292F2F6C1E79000EAE13;
					};
				};
			};
			buildConfigurationList = 029E292B2F6C1E79000EAE13 /* Build configuration list for PBXProject "FortiFit" */;
			developmentRegion = en;
			hasScannedForEncodings = 0;
			knownRegions = (
				en,
				Base,
			);
			mainGroup = 029E29272F6C1E79000EAE13;
			minimizedProjectReferenceProxies = 1;
			preferredProjectObjectVersion = 77;
			productRefGroup = 029E29312F6C1E79000EAE13 /* Products */;
			projectDirPath = "";
			projectRoot = "";
			targets = (
				029E292F2F6C1E79000EAE13 /* FortiFit */,
				029E293E2F6C1E7A000EAE13 /* FortiFitTests */,
				029E29482F6C1E7A000EAE13 /* FortiFitUITests */,
				028786F02F97BEF30073DD60 /* FortiFitIntegrationTests */,
			);
		};
/* End PBXProject section */

/* Begin PBXResourcesBuildPhase section */
		028786EF2F97BEF30073DD60 /* Resources */ = {
			isa = PBXResourcesBuildPhase;
			buildActionMask = 2147483647;
			files = (
			);
			runOnlyForDeploymentPostprocessing = 0;
		};
		029E292E2F6C1E79000EAE13 /* Resources */ = {
			isa = PBXResourcesBuildPhase;
			buildActionMask = 2147483647;
			files = (
				02BC25BD2F6F46550078681A /* PrivacyInfo.xcprivacy in Resources */,
			);
			runOnlyForDeploymentPostprocessing = 0;
		};
		029E293D2F6C1E7A000EAE13 /* Resources */ = {
			isa = PBXResourcesBuildPhase;
			buildActionMask = 2147483647;
			files = (
			);
			runOnlyForDeploymentPostprocessing = 0;
		};
		029E29472F6C1E7A000EAE13 /* Resources */ = {
			isa = PBXResourcesBuildPhase;
			buildActionMask = 2147483647;
			files = (
			);
			runOnlyForDeploymentPostprocessing = 0;
		};
/* End PBXResourcesBuildPhase section */

/* Begin PBXSourcesBuildPhase section */
		028786ED2F97BEF30073DD60 /* Sources */ = {
			isa = PBXSourcesBuildPhase;
			buildActionMask = 2147483647;
			files = (
			);
			runOnlyForDeploymentPostprocessing = 0;
		};
		029E292C2F6C1E79000EAE13 /* Sources */ = {
			isa = PBXSourcesBuildPhase;
			buildActionMask = 2147483647;
			files = (
			);
			runOnlyForDeploymentPostprocessing = 0;
		};
		029E293B2F6C1E7A000EAE13 /* Sources */ = {
			isa = PBXSourcesBuildPhase;
			buildActionMask = 2147483647;
			files = (
			);
			runOnlyForDeploymentPostprocessing = 0;
		};
		029E29452F6C1E7A000EAE13 /* Sources */ = {
			isa = PBXSourcesBuildPhase;
			buildActionMask = 2147483647;
			files = (
			);
			runOnlyForDeploymentPostprocessing = 0;
		};
/* End PBXSourcesBuildPhase section */

/* Begin PBXTargetDependency section */
		028786F62F97BEF30073DD60 /* PBXTargetDependency */ = {
			isa = PBXTargetDependency;
			target = 029E292F2F6C1E79000EAE13 /* FortiFit */;
			targetProxy = 028786F52F97BEF30073DD60 /* PBXContainerItemProxy */;
		};
		029E29412F6C1E7A000EAE13 /* PBXTargetDependency */ = {
			isa = PBXTargetDependency;
			target = 029E292F2F6C1E79000EAE13 /* FortiFit */;
			targetProxy = 029E29402F6C1E7A000EAE13 /* PBXContainerItemProxy */;
		};
		029E294B2F6C1E7A000EAE13 /* PBXTargetDependency */ = {
			isa = PBXTargetDependency;
			target = 029E292F2F6C1E79000EAE13 /* FortiFit */;
			targetProxy = 029E294A2F6C1E7A000EAE13 /* PBXContainerItemProxy */;
		};
/* End PBXTargetDependency section */

/* Begin XCBuildConfiguration section */
		028786F82F97BEF30073DD60 /* Debug */ = {
			isa = XCBuildConfiguration;
			buildSettings = {
				BUNDLE_LOADER = "$(TEST_HOST)";
				CODE_SIGN_STYLE = Automatic;
				CURRENT_PROJECT_VERSION = 1;
				DEVELOPMENT_TEAM = HCH8243GG3;
				GENERATE_INFOPLIST_FILE = YES;
				IPHONEOS_DEPLOYMENT_TARGET = 26.4;
				MARKETING_VERSION = 1.0;
				PRODUCT_BUNDLE_IDENTIFIER = App.FortiFitIntegrationTests;
				PRODUCT_NAME = "$(TARGET_NAME)";
				SDKROOT = iphoneos;
				STRING_CATALOG_GENERATE_SYMBOLS = NO;
				SWIFT_APPROACHABLE_CONCURRENCY = YES;
				SWIFT_EMIT_LOC_STRINGS = NO;
				SWIFT_UPCOMING_FEATURE_MEMBER_IMPORT_VISIBILITY = YES;
				SWIFT_VERSION = 5.0;
				TARGETED_DEVICE_FAMILY = "1,2";
				TEST_HOST = "$(BUILT_PRODUCTS_DIR)/FortiFit.app/$(BUNDLE_EXECUTABLE_FOLDER_PATH)/FortiFit";
			};
			name = Debug;
		};
		028786F92F97BEF30073DD60 /* Release */ = {
			isa = XCBuildConfiguration;
			buildSettings = {
				BUNDLE_LOADER = "$(TEST_HOST)";
				CODE_SIGN_STYLE = Automatic;
				CURRENT_PROJECT_VERSION = 1;
				DEVELOPMENT_TEAM = HCH8243GG3;
				GENERATE_INFOPLIST_FILE = YES;
				IPHONEOS_DEPLOYMENT_TARGET = 26.4;
				MARKETING_VERSION = 1.0;
				PRODUCT_BUNDLE_IDENTIFIER = App.FortiFitIntegrationTests;
				PRODUCT_NAME = "$(TARGET_NAME)";
				SDKROOT = iphoneos;
				STRING_CATALOG_GENERATE_SYMBOLS = NO;
				SWIFT_APPROACHABLE_CONCURRENCY = YES;
				SWIFT_EMIT_LOC_STRINGS = NO;
				SWIFT_UPCOMING_FEATURE_MEMBER_IMPORT_VISIBILITY = YES;
				SWIFT_VERSION = 5.0;
				TARGETED_DEVICE_FAMILY = "1,2";
				TEST_HOST = "$(BUILT_PRODUCTS_DIR)/FortiFit.app/$(BUNDLE_EXECUTABLE_FOLDER_PATH)/FortiFit";
				VALIDATE_PRODUCT = YES;
			};
			name = Release;
		};
		029E29512F6C1E7A000EAE13 /* Debug */ = {
			isa = XCBuildConfiguration;
			buildSettings = {
				ALWAYS_SEARCH_USER_PATHS = NO;
				ASSETCATALOG_COMPILER_GENERATE_SWIFT_ASSET_SYMBOL_EXTENSIONS = YES;
				CLANG_ANALYZER_NONNULL = YES;
				CLANG_ANALYZER_NUMBER_OBJECT_CONVERSION = YES_AGGRESSIVE;
				CLANG_CXX_LANGUAGE_STANDARD = "gnu++20";
				CLANG_ENABLE_MODULES = YES;
				CLANG_ENABLE_OBJC_ARC = YES;
				CLANG_ENABLE_OBJC_WEAK = YES;
				CLANG_WARN_BLOCK_CAPTURE_AUTORELEASING = YES;
				CLANG_WARN_BOOL_CONVERSION = YES;
				CLANG_WARN_COMMA = YES;
				CLANG_WARN_CONSTANT_CONVERSION = YES;
				CLANG_WARN_DEPRECATED_OBJC_IMPLEMENTATIONS = YES;
				CLANG_WARN_DIRECT_OBJC_ISA_USAGE = YES_ERROR;
				CLANG_WARN_DOCUMENTATION_COMMENTS = YES;
				CLANG_WARN_EMPTY_BODY = YES;
				CLANG_WARN_ENUM_CONVERSION = YES;
				CLANG_WARN_INFINITE_RECURSION = YES;
				CLANG_WARN_INT_CONVERSION = YES;
				CLANG_WARN_NON_LITERAL_NULL_CONVERSION = YES;
				CLANG_WARN_OBJC_IMPLICIT_RETAIN_SELF = YES;
				CLANG_WARN_OBJC_LITERAL_CONVERSION = YES;
				CLANG_WARN_OBJC_ROOT_CLASS = YES_ERROR;
				CLANG_WARN_QUOTED_INCLUDE_IN_FRAMEWORK_HEADER = YES;
				CLANG_WARN_RANGE_LOOP_ANALYSIS = YES;
				CLANG_WARN_STRICT_PROTOTYPES = YES;
				CLANG_WARN_SUSPICIOUS_MOVE = YES;
				CLANG_WARN_UNGUARDED_AVAILABILITY = YES_AGGRESSIVE;
				CLANG_WARN_UNREACHABLE_CODE = YES;
				CLANG_WARN__DUPLICATE_METHOD_MATCH = YES;
				COPY_PHASE_STRIP = NO;
				DEBUG_INFORMATION_FORMAT = dwarf;
				ENABLE_STRICT_OBJC_MSGSEND = YES;
				ENABLE_TESTABILITY = YES;
				ENABLE_USER_SCRIPT_SANDBOXING = YES;
				GCC_C_LANGUAGE_STANDARD = gnu17;
				GCC_DYNAMIC_NO_PIC = NO;
				GCC_NO_COMMON_BLOCKS = YES;
				GCC_OPTIMIZATION_LEVEL = 0;
				GCC_PREPROCESSOR_DEFINITIONS = (
					"DEBUG=1",
					"$(inherited)",
				);
				GCC_WARN_64_TO_32_BIT_CONVERSION = YES;
				GCC_WARN_ABOUT_RETURN_TYPE = YES_ERROR;
				GCC_WARN_UNDECLARED_SELECTOR = YES;
				GCC_WARN_UNINITIALIZED_AUTOS = YES_AGGRESSIVE;
				GCC_WARN_UNUSED_FUNCTION = YES;
				GCC_WARN_UNUSED_VARIABLE = YES;
				LOCALIZATION_PREFERS_STRING_CATALOGS = YES;
				MTL_ENABLE_DEBUG_INFO = INCLUDE_SOURCE;
				MTL_FAST_MATH = YES;
				ONLY_ACTIVE_ARCH = YES;
				SWIFT_ACTIVE_COMPILATION_CONDITIONS = "DEBUG $(inherited)";
				SWIFT_OPTIMIZATION_LEVEL = "-Onone";
			};
			name = Debug;
		};
		029E29522F6C1E7A000EAE13 /* Release */ = {
			isa = XCBuildConfiguration;
			buildSettings = {
				ALWAYS_SEARCH_USER_PATHS = NO;
				ASSETCATALOG_COMPILER_GENERATE_SWIFT_ASSET_SYMBOL_EXTENSIONS = YES;
				CLANG_ANALYZER_NONNULL = YES;
				CLANG_ANALYZER_NUMBER_OBJECT_CONVERSION = YES_AGGRESSIVE;
				CLANG_CXX_LANGUAGE_STANDARD = "gnu++20";
				CLANG_ENABLE_MODULES = YES;
				CLANG_ENABLE_OBJC_ARC = YES;
				CLANG_ENABLE_OBJC_WEAK = YES;
				CLANG_WARN_BLOCK_CAPTURE_AUTORELEASING = YES;
				CLANG_WARN_BOOL_CONVERSION = YES;
				CLANG_WARN_COMMA = YES;
				CLANG_WARN_CONSTANT_CONVERSION = YES;
				CLANG_WARN_DEPRECATED_OBJC_IMPLEMENTATIONS = YES;
				CLANG_WARN_DIRECT_OBJC_ISA_USAGE = YES_ERROR;
				CLANG_WARN_DOCUMENTATION_COMMENTS = YES;
				CLANG_WARN_EMPTY_BODY = YES;
				CLANG_WARN_ENUM_CONVERSION = YES;
				CLANG_WARN_INFINITE_RECURSION = YES;
				CLANG_WARN_INT_CONVERSION = YES;
				CLANG_WARN_NON_LITERAL_NULL_CONVERSION = YES;
				CLANG_WARN_OBJC_IMPLICIT_RETAIN_SELF = YES;
				CLANG_WARN_OBJC_LITERAL_CONVERSION = YES;
				CLANG_WARN_OBJC_ROOT_CLASS = YES_ERROR;
				CLANG_WARN_QUOTED_INCLUDE_IN_FRAMEWORK_HEADER = YES;
				CLANG_WARN_RANGE_LOOP_ANALYSIS = YES;
				CLANG_WARN_STRICT_PROTOTYPES = YES;
				CLANG_WARN_SUSPICIOUS_MOVE = YES;
				CLANG_WARN_UNGUARDED_AVAILABILITY = YES_AGGRESSIVE;
				CLANG_WARN_UNREACHABLE_CODE = YES;
				CLANG_WARN__DUPLICATE_METHOD_MATCH = YES;
				COPY_PHASE_STRIP = NO;
				DEBUG_INFORMATION_FORMAT = "dwarf-with-dsym";
				ENABLE_NS_ASSERTIONS = NO;
				ENABLE_STRICT_OBJC_MSGSEND = YES;
				ENABLE_USER_SCRIPT_SANDBOXING = YES;
				GCC_C_LANGUAGE_STANDARD = gnu17;
				GCC_NO_COMMON_BLOCKS = YES;
				GCC_WARN_64_TO_32_BIT_CONVERSION = YES;
				GCC_WARN_ABOUT_RETURN_TYPE = YES_ERROR;
				GCC_WARN_UNDECLARED_SELECTOR = YES;
				GCC_WARN_UNINITIALIZED_AUTOS = YES_AGGRESSIVE;
				GCC_WARN_UNUSED_FUNCTION = YES;
				GCC_WARN_UNUSED_VARIABLE = YES;
				LOCALIZATION_PREFERS_STRING_CATALOGS = YES;
				MTL_ENABLE_DEBUG_INFO = NO;
				MTL_FAST_MATH = YES;
				SWIFT_COMPILATION_MODE = wholemodule;
			};
			name = Release;
		};
		029E29542F6C1E7A000EAE13 /* Debug */ = {
			isa = XCBuildConfiguration;
			buildSettings = {
				ASSETCATALOG_COMPILER_APPICON_NAME = AppIcon;
				ASSETCATALOG_COMPILER_GLOBAL_ACCENT_COLOR_NAME = AccentColor;
				ASSETCATALOG_COMPILER_INCLUDE_ALL_APPICON_ASSETS = YES;
				CODE_SIGN_ENTITLEMENTS = FortiFit/FortiFit.entitlements;
				"CODE_SIGN_IDENTITY[sdk=macosx*]" = "Apple Development";
				CODE_SIGN_STYLE = Automatic;
				CURRENT_PROJECT_VERSION = 2.1;
				DEVELOPMENT_TEAM = HCH8243GG3;
				ENABLE_APP_SANDBOX = YES;
				ENABLE_PREVIEWS = YES;
				ENABLE_USER_SELECTED_FILES = readonly;
				GENERATE_INFOPLIST_FILE = YES;
				INFOPLIST_FILE = FortiFit/Info.plist;
				INFOPLIST_KEY_CFBundleDisplayName = FitNavi;
				INFOPLIST_KEY_LSApplicationCategoryType = "public.app-category.healthcare-fitness";
				INFOPLIST_KEY_NSHealthShareUsageDescription = "FitNavi uses your Apple Health workout data to automatically log sessions recorded on Apple Watch or other connected apps.";
				"INFOPLIST_KEY_UIApplicationSceneManifest_Generation[sdk=iphoneos*]" = YES;
				"INFOPLIST_KEY_UIApplicationSceneManifest_Generation[sdk=iphonesimulator*]" = YES;
				"INFOPLIST_KEY_UIApplicationSupportsIndirectInputEvents[sdk=iphoneos*]" = YES;
				"INFOPLIST_KEY_UIApplicationSupportsIndirectInputEvents[sdk=iphonesimulator*]" = YES;
				"INFOPLIST_KEY_UILaunchScreen_Generation[sdk=iphoneos*]" = YES;
				"INFOPLIST_KEY_UILaunchScreen_Generation[sdk=iphonesimulator*]" = YES;
				"INFOPLIST_KEY_UIStatusBarStyle[sdk=iphoneos*]" = UIStatusBarStyleDefault;
				"INFOPLIST_KEY_UIStatusBarStyle[sdk=iphonesimulator*]" = UIStatusBarStyleDefault;
				INFOPLIST_KEY_UISupportedInterfaceOrientations_iPad = "UIInterfaceOrientationPortrait UIInterfaceOrientationPortraitUpsideDown UIInterfaceOrientationLandscapeLeft UIInterfaceOrientationLandscapeRight";
				INFOPLIST_KEY_UISupportedInterfaceOrientations_iPhone = "UIInterfaceOrientationPortrait UIInterfaceOrientationLandscapeLeft UIInterfaceOrientationLandscapeRight";
				IPHONEOS_DEPLOYMENT_TARGET = 26.2;
				LD_RUNPATH_SEARCH_PATHS = "@executable_path/Frameworks";
				"LD_RUNPATH_SEARCH_PATHS[sdk=macosx*]" = "@executable_path/../Frameworks";
				MACOSX_DEPLOYMENT_TARGET = 26.2;
				MARKETING_VERSION = 1.0;
				PRODUCT_BUNDLE_IDENTIFIER = App.FitNavi;
				PRODUCT_NAME = "$(TARGET_NAME)";
				REGISTER_APP_GROUPS = YES;
				SDKROOT = auto;
				STRING_CATALOG_GENERATE_SYMBOLS = YES;
				SUPPORTED_PLATFORMS = "iphoneos iphonesimulator macosx xros xrsimulator";
				SWIFT_APPROACHABLE_CONCURRENCY = YES;
				SWIFT_DEFAULT_ACTOR_ISOLATION = MainActor;
				SWIFT_EMIT_LOC_STRINGS = YES;
				SWIFT_UPCOMING_FEATURE_MEMBER_IMPORT_VISIBILITY = YES;
				SWIFT_VERSION = 5.0;
				TARGETED_DEVICE_FAMILY = "1,2,7";
				XROS_DEPLOYMENT_TARGET = 26.2;
			};
			name = Debug;
		};
		029E29552F6C1E7A000EAE13 /* Release */ = {
			isa = XCBuildConfiguration;
			buildSettings = {
				ASSETCATALOG_COMPILER_APPICON_NAME = AppIcon;
				ASSETCATALOG_COMPILER_GLOBAL_ACCENT_COLOR_NAME = AccentColor;
				ASSETCATALOG_COMPILER_INCLUDE_ALL_APPICON_ASSETS = YES;
				CODE_SIGN_ENTITLEMENTS = FortiFit/FortiFit.entitlements;
				"CODE_SIGN_IDENTITY[sdk=macosx*]" = "Apple Development";
				CODE_SIGN_STYLE = Automatic;
				CURRENT_PROJECT_VERSION = 2.1;
				DEVELOPMENT_TEAM = HCH8243GG3;
				ENABLE_APP_SANDBOX = YES;
				ENABLE_PREVIEWS = YES;
				ENABLE_USER_SELECTED_FILES = readonly;
				GENERATE_INFOPLIST_FILE = YES;
				INFOPLIST_FILE = FortiFit/Info.plist;
				INFOPLIST_KEY_CFBundleDisplayName = FitNavi;
				INFOPLIST_KEY_LSApplicationCategoryType = "public.app-category.healthcare-fitness";
				INFOPLIST_KEY_NSHealthShareUsageDescription = "FitNavi uses your Apple Health workout data to automatically log sessions recorded on Apple Watch or other connected apps.";
				"INFOPLIST_KEY_UIApplicationSceneManifest_Generation[sdk=iphoneos*]" = YES;
				"INFOPLIST_KEY_UIApplicationSceneManifest_Generation[sdk=iphonesimulator*]" = YES;
				"INFOPLIST_KEY_UIApplicationSupportsIndirectInputEvents[sdk=iphoneos*]" = YES;
				"INFOPLIST_KEY_UIApplicationSupportsIndirectInputEvents[sdk=iphonesimulator*]" = YES;
				"INFOPLIST_KEY_UILaunchScreen_Generation[sdk=iphoneos*]" = YES;
				"INFOPLIST_KEY_UILaunchScreen_Generation[sdk=iphonesimulator*]" = YES;
				"INFOPLIST_KEY_UIStatusBarStyle[sdk=iphoneos*]" = UIStatusBarStyleDefault;
				"INFOPLIST_KEY_UIStatusBarStyle[sdk=iphonesimulator*]" = UIStatusBarStyleDefault;
				INFOPLIST_KEY_UISupportedInterfaceOrientations_iPad = "UIInterfaceOrientationPortrait UIInterfaceOrientationPortraitUpsideDown UIInterfaceOrientationLandscapeLeft UIInterfaceOrientationLandscapeRight";
				INFOPLIST_KEY_UISupportedInterfaceOrientations_iPhone = "UIInterfaceOrientationPortrait UIInterfaceOrientationLandscapeLeft UIInterfaceOrientationLandscapeRight";
				IPHONEOS_DEPLOYMENT_TARGET = 26.2;
				LD_RUNPATH_SEARCH_PATHS = "@executable_path/Frameworks";
				"LD_RUNPATH_SEARCH_PATHS[sdk=macosx*]" = "@executable_path/../Frameworks";
				MACOSX_DEPLOYMENT_TARGET = 26.2;
				MARKETING_VERSION = 1.0;
				PRODUCT_BUNDLE_IDENTIFIER = App.FitNavi;
				PRODUCT_NAME = "$(TARGET_NAME)";
				REGISTER_APP_GROUPS = YES;
				SDKROOT = auto;
				STRING_CATALOG_GENERATE_SYMBOLS = YES;
				SUPPORTED_PLATFORMS = "iphoneos iphonesimulator macosx xros xrsimulator";
				SWIFT_APPROACHABLE_CONCURRENCY = YES;
				SWIFT_DEFAULT_ACTOR_ISOLATION = MainActor;
				SWIFT_EMIT_LOC_STRINGS = YES;
				SWIFT_UPCOMING_FEATURE_MEMBER_IMPORT_VISIBILITY = YES;
				SWIFT_VERSION = 5.0;
				TARGETED_DEVICE_FAMILY = "1,2,7";
				XROS_DEPLOYMENT_TARGET = 26.2;
			};
			name = Release;
		};
		029E29572F6C1E7A000EAE13 /* Debug */ = {
			isa = XCBuildConfiguration;
			buildSettings = {
				BUNDLE_LOADER = "$(TEST_HOST)";
				CODE_SIGN_STYLE = Automatic;
				CURRENT_PROJECT_VERSION = 1;
				DEVELOPMENT_TEAM = HCH8243GG3;
				GENERATE_INFOPLIST_FILE = YES;
				IPHONEOS_DEPLOYMENT_TARGET = 26.2;
				MACOSX_DEPLOYMENT_TARGET = 26.2;
				MARKETING_VERSION = 1.0;
				PRODUCT_BUNDLE_IDENTIFIER = App.FortiFitTests;
				PRODUCT_NAME = "$(TARGET_NAME)";
				SDKROOT = auto;
				STRING_CATALOG_GENERATE_SYMBOLS = NO;
				SUPPORTED_PLATFORMS = "iphoneos iphonesimulator macosx xros xrsimulator";
				SWIFT_APPROACHABLE_CONCURRENCY = YES;
				SWIFT_EMIT_LOC_STRINGS = NO;
				SWIFT_UPCOMING_FEATURE_MEMBER_IMPORT_VISIBILITY = YES;
				SWIFT_VERSION = 5.0;
				TARGETED_DEVICE_FAMILY = "1,2,7";
				TEST_HOST = "$(BUILT_PRODUCTS_DIR)/FortiFit.app/$(BUNDLE_EXECUTABLE_FOLDER_PATH)/FortiFit";
				XROS_DEPLOYMENT_TARGET = 26.2;
			};
			name = Debug;
		};
		029E29582F6C1E7A000EAE13 /* Release */ = {
			isa = XCBuildConfiguration;
			buildSettings = {
				BUNDLE_LOADER = "$(TEST_HOST)";
				CODE_SIGN_STYLE = Automatic;
				CURRENT_PROJECT_VERSION = 1;
				DEVELOPMENT_TEAM = HCH8243GG3;
				GENERATE_INFOPLIST_FILE = YES;
				IPHONEOS_DEPLOYMENT_TARGET = 26.2;
				MACOSX_DEPLOYMENT_TARGET = 26.2;
				MARKETING_VERSION = 1.0;
				PRODUCT_BUNDLE_IDENTIFIER = App.FortiFitTests;
				PRODUCT_NAME = "$(TARGET_NAME)";
				SDKROOT = auto;
				STRING_CATALOG_GENERATE_SYMBOLS = NO;
				SUPPORTED_PLATFORMS = "iphoneos iphonesimulator macosx xros xrsimulator";
				SWIFT_APPROACHABLE_CONCURRENCY = YES;
				SWIFT_EMIT_LOC_STRINGS = NO;
				SWIFT_UPCOMING_FEATURE_MEMBER_IMPORT_VISIBILITY = YES;
				SWIFT_VERSION = 5.0;
				TARGETED_DEVICE_FAMILY = "1,2,7";
				TEST_HOST = "$(BUILT_PRODUCTS_DIR)/FortiFit.app/$(BUNDLE_EXECUTABLE_FOLDER_PATH)/FortiFit";
				XROS_DEPLOYMENT_TARGET = 26.2;
			};
			name = Release;
		};
		029E295A2F6C1E7A000EAE13 /* Debug */ = {
			isa = XCBuildConfiguration;
			buildSettings = {
				CODE_SIGN_STYLE = Automatic;
				CURRENT_PROJECT_VERSION = 1;
				DEVELOPMENT_TEAM = HCH8243GG3;
				GENERATE_INFOPLIST_FILE = YES;
				IPHONEOS_DEPLOYMENT_TARGET = 26.2;
				MACOSX_DEPLOYMENT_TARGET = 26.2;
				MARKETING_VERSION = 1.0;
				PRODUCT_BUNDLE_IDENTIFIER = App.FortiFitUITests;
				PRODUCT_NAME = "$(TARGET_NAME)";
				SDKROOT = auto;
				STRING_CATALOG_GENERATE_SYMBOLS = NO;
				SUPPORTED_PLATFORMS = "iphoneos iphonesimulator macosx xros xrsimulator";
				SWIFT_APPROACHABLE_CONCURRENCY = YES;
				SWIFT_EMIT_LOC_STRINGS = NO;
				SWIFT_UPCOMING_FEATURE_MEMBER_IMPORT_VISIBILITY = YES;
				SWIFT_VERSION = 5.0;
				TARGETED_DEVICE_FAMILY = "1,2,7";
				TEST_TARGET_NAME = FortiFit;
				XROS_DEPLOYMENT_TARGET = 26.2;
			};
			name = Debug;
		};
		029E295B2F6C1E7A000EAE13 /* Release */ = {
			isa = XCBuildConfiguration;
			buildSettings = {
				CODE_SIGN_STYLE = Automatic;
				CURRENT_PROJECT_VERSION = 1;
				DEVELOPMENT_TEAM = HCH8243GG3;
				GENERATE_INFOPLIST_FILE = YES;
				IPHONEOS_DEPLOYMENT_TARGET = 26.2;
				MACOSX_DEPLOYMENT_TARGET = 26.2;
				MARKETING_VERSION = 1.0;
				PRODUCT_BUNDLE_IDENTIFIER = App.FortiFitUITests;
				PRODUCT_NAME = "$(TARGET_NAME)";
				SDKROOT = auto;
				STRING_CATALOG_GENERATE_SYMBOLS = NO;
				SUPPORTED_PLATFORMS = "iphoneos iphonesimulator macosx xros xrsimulator";
				SWIFT_APPROACHABLE_CONCURRENCY = YES;
				SWIFT_EMIT_LOC_STRINGS = NO;
				SWIFT_UPCOMING_FEATURE_MEMBER_IMPORT_VISIBILITY = YES;
				SWIFT_VERSION = 5.0;
				TARGETED_DEVICE_FAMILY = "1,2,7";
				TEST_TARGET_NAME = FortiFit;
				XROS_DEPLOYMENT_TARGET = 26.2;
			};
			name = Release;
		};
/* End XCBuildConfiguration section */

/* Begin XCConfigurationList section */
		028786F72F97BEF30073DD60 /* Build configuration list for PBXNativeTarget "FortiFitIntegrationTests" */ = {
			isa = XCConfigurationList;
			buildConfigurations = (
				028786F82F97BEF30073DD60 /* Debug */,
				028786F92F97BEF30073DD60 /* Release */,
			);
			defaultConfigurationIsVisible = 0;
			defaultConfigurationName = Release;
		};
		029E292B2F6C1E79000EAE13 /* Build configuration list for PBXProject "FortiFit" */ = {
			isa = XCConfigurationList;
			buildConfigurations = (
				029E29512F6C1E7A000EAE13 /* Debug */,
				029E29522F6C1E7A000EAE13 /* Release */,
			);
			defaultConfigurationIsVisible = 0;
			defaultConfigurationName = Release;
		};
		029E29532F6C1E7A000EAE13 /* Build configuration list for PBXNativeTarget "FortiFit" */ = {
			isa = XCConfigurationList;
			buildConfigurations = (
				029E29542F6C1E7A000EAE13 /* Debug */,
				029E29552F6C1E7A000EAE13 /* Release */,
			);
			defaultConfigurationIsVisible = 0;
			defaultConfigurationName = Release;
		};
		029E29562F6C1E7A000EAE13 /* Build configuration list for PBXNativeTarget "FortiFitTests" */ = {
			isa = XCConfigurationList;
			buildConfigurations = (
				029E29572F6C1E7A000EAE13 /* Debug */,
				029E29582F6C1E7A000EAE13 /* Release */,
			);
			defaultConfigurationIsVisible = 0;
			defaultConfigurationName = Release;
		};
		029E29592F6C1E7A000EAE13 /* Build configuration list for PBXNativeTarget "FortiFitUITests" */ = {
			isa = XCConfigurationList;
			buildConfigurations = (
				029E295A2F6C1E7A000EAE13 /* Debug */,
				029E295B2F6C1E7A000EAE13 /* Release */,
			);
			defaultConfigurationIsVisible = 0;
			defaultConfigurationName = Release;
		};
/* End XCConfigurationList section */
	};
	rootObject = 029E29282F6C1E79000EAE13 /* Project object */;
}
